// !$*UTF8*$!
{
	archiveVersion = 1;
	classes = {
	};
	objectVersion = 46;
	objects = {

/* Begin PBXBuildFile section */
		FCA38BFC1AB0459000D751C2 /* main.m in Sources */ = {isa = PBXBuildFile; fileRef = FCA38BFB1AB0459000D751C2 /* main.m */; };
		FCA38BFF1AB0459000D751C2 /* AppDelegate.m in Sources */ = {isa = PBXBuildFile; fileRef = FCA38BFE1AB0459000D751C2 /* AppDelegate.m */; };
		FCA38C021AB0459000D751C2 /* xmlTest.xcdatamodeld in Sources */ = {isa = PBXBuildFile; fileRef = FCA38C001AB0459000D751C2 /* xmlTest.xcdatamodeld */; };
		FCA38C051AB0459000D751C2 /* ViewController.m in Sources */ = {isa = PBXBuildFile; fileRef = FCA38C041AB0459000D751C2 /* ViewController.m */; };
		FCA38C081AB0459000D751C2 /* Main.storyboard in Resources */ = {isa = PBXBuildFile; fileRef = FCA38C061AB0459000D751C2 /* Main.storyboard */; };
		FCA38C0A1AB0459000D751C2 /* Images.xcassets in Resources */ = {isa = PBXBuildFile; fileRef = FCA38C091AB0459000D751C2 /* Images.xcassets */; };
		FCA38C0D1AB0459000D751C2 /* LaunchScreen.xib in Resources */ = {isa = PBXBuildFile; fileRef = FCA38C0B1AB0459000D751C2 /* LaunchScreen.xib */; };
		FCA38C191AB0459000D751C2 /* xmlTestTests.m in Sources */ = {isa = PBXBuildFile; fileRef = FCA38C181AB0459000D751C2 /* xmlTestTests.m */; };
		FCA38C241AB045FE00D751C2 /* GDataXMLNode.m in Sources */ = {isa = PBXBuildFile; fileRef = FCA38C231AB045FE00D751C2 /* GDataXMLNode.m */; settings = {COMPILER_FLAGS = "-fno-objc-arc"; }; };
		FCA38C261AB048C800D751C2 /* libxml2.dylib in Frameworks */ = {isa = PBXBuildFile; fileRef = FCA38C251AB048C800D751C2 /* libxml2.dylib */; };
/* End PBXBuildFile section */

/* Begin PBXContainerItemProxy section */
		FCA38C131AB0459000D751C2 /* PBXContainerItemProxy */ = {
			isa = PBXContainerItemProxy;
			containerPortal = FCA38BEE1AB0458F00D751C2 /* Project object */;
			proxyType = 1;
			remoteGlobalIDString = FCA38BF51AB0458F00D751C2;
			remoteInfo = xmlTest;
		};
/* End PBXContainerItemProxy section */

/* Begin PBXFileReference section */
		FCA38BF61AB0458F00D751C2 /* xmlTest.app */ = {isa = PBXFileReference; explicitFileType = wrapper.application; includeInIndex = 0; path = xmlTest.app; sourceTree = BUILT_PRODUCTS_DIR; };
		FCA38BFA1AB0459000D751C2 /* Info.plist */ = {isa = PBXFileReference; lastKnownFileType = text.plist.xml; path = Info.plist; sourceTree = "<group>"; };
		FCA38BFB1AB0459000D751C2 /* main.m */ = {isa = PBXFileReference; lastKnownFileType = sourcecode.c.objc; path = main.m; sourceTree = "<group>"; };
		FCA38BFD1AB0459000D751C2 /* AppDelegate.h */ = {isa = PBXFileReference; lastKnownFileType = sourcecode.c.h; path = AppDelegate.h; sourceTree = "<group>"; };
		FCA38BFE1AB0459000D751C2 /* AppDelegate.m */ = {isa = PBXFileReference; lastKnownFileType = sourcecode.c.objc; path = AppDelegate.m; sourceTree = "<group>"; };
		FCA38C011AB0459000D751C2 /* xmlTest.xcdatamodel */ = {isa = PBXFileReference; lastKnownFileType = wrapper.xcdatamodel; path = xmlTest.xcdatamodel; sourceTree = "<group>"; };
		FCA38C031AB0459000D751C2 /* ViewController.h */ = {isa = PBXFileReference; lastKnownFileType = sourcecode.c.h; path = ViewController.h; sourceTree = "<group>"; };
		FCA38C041AB0459000D751C2 /* ViewController.m */ = {isa = PBXFileReference; lastKnownFileType = sourcecode.c.objc; path = ViewController.m; sourceTree = "<group>"; };
		FCA38C071AB0459000D751C2 /* Base */ = {isa = PBXFileReference; lastKnownFileType = file.storyboard; name = Base; path = Base.lproj/Main.storyboard; sourceTree = "<group>"; };
		FCA38C091AB0459000D751C2 /* Images.xcassets */ = {isa = PBXFileReference; lastKnownFileType = folder.assetcatalog; path = Images.xcassets; sourceTree = "<group>"; };
		FCA38C0C1AB0459000D751C2 /* Base */ = {isa = PBXFileReference; lastKnownFileType = file.xib; name = Base; path = Base.lproj/LaunchScreen.xib; sourceTree = "<group>"; };
		FCA38C121AB0459000D751C2 /* xmlTestTests.xctest */ = {isa = PBXFileReference; explicitFileType = wrapper.cfbundle; includeInIndex = 0; path = xmlTestTests.xctest; sourceTree = BUILT_PRODUCTS_DIR; };
		FCA38C171AB0459000D751C2 /* Info.plist */ = {isa = PBXFileReference; lastKnownFileType = text.plist.xml; path = Info.plist; sourceTree = "<group>"; };
		FCA38C181AB0459000D751C2 /* xmlTestTests.m */ = {isa = PBXFileReference; lastKnownFileType = sourcecode.c.objc; path = xmlTestTests.m; sourceTree = "<group>"; };
		FCA38C221AB045FE00D751C2 /* GDataXMLNode.h */ = {isa = PBXFileReference; fileEncoding = 4; lastKnownFileType = sourcecode.c.h; path = GDataXMLNode.h; sourceTree = "<group>"; };
		FCA38C231AB045FE00D751C2 /* GDataXMLNode.m */ = {isa = PBXFileReference; fileEncoding = 4; lastKnownFileType = sourcecode.c.objc; path = GDataXMLNode.m; sourceTree = "<group>"; };
		FCA38C251AB048C800D751C2 /* libxml2.dylib */ = {isa = PBXFileReference; lastKnownFileType = "compiled.mach-o.dylib"; name = libxml2.dylib; path = usr/lib/libxml2.dylib; sourceTree = SDKROOT; };
/* End PBXFileReference section */

/* Begin PBXFrameworksBuildPhase section */
		FCA38BF31AB0458F00D751C2 /* Frameworks */ = {
			isa = PBXFrameworksBuildPhase;
			buildActionMask = 2147483647;
			files = (
				FCA38C261AB048C800D751C2 /* libxml2.dylib in Frameworks */,
			);
			runOnlyForDeploymentPostprocessing = 0;
		};
		FCA38C0F1AB0459000D751C2 /* Frameworks */ = {
			isa = PBXFrameworksBuildPhase;
			buildActionMask = 2147483647;
			files = (
			);
			runOnlyForDeploymentPostprocessing = 0;
		};
/* End PBXFrameworksBuildPhase section */

/* Begin PBXGroup section */
		FCA38BED1AB0458F00D751C2 = {
			isa = PBXGroup;
			children = (
				FCA38C251AB048C800D751C2 /* libxml2.dylib */,
				FCA38BF81AB0458F00D751C2 /* xmlTest */,
				FCA38C151AB0459000D751C2 /* xmlTestTests */,
				FCA38BF71AB0458F00D751C2 /* Products */,
			);
			sourceTree = "<group>";
		};
		FCA38BF71AB0458F00D751C2 /* Products */ = {
			isa = PBXGroup;
			children = (
				FCA38BF61AB0458F00D751C2 /* xmlTest.app */,
				FCA38C121AB0459000D751C2 /* xmlTestTests.xctest */,
			);
			name = Products;
			sourceTree = "<group>";
		};
		FCA38BF81AB0458F00D751C2 /* xmlTest */ = {
			isa = PBXGroup;
			children = (
				FCA38C221AB045FE00D751C2 /* GDataXMLNode.h */,
				FCA38C231AB045FE00D751C2 /* GDataXMLNode.m */,
				FCA38BFD1AB0459000D751C2 /* AppDelegate.h */,
				FCA38BFE1AB0459000D751C2 /* AppDelegate.m */,
				FCA38C031AB0459000D751C2 /* ViewController.h */,
				FCA38C041AB0459000D751C2 /* ViewController.m */,
				FCA38C061AB0459000D751C2 /* Main.storyboard */,
				FCA38C091AB0459000D751C2 /* Images.xcassets */,
				FCA38C0B1AB0459000D751C2 /* LaunchScreen.xib */,
				FCA38C001AB0459000D751C2 /* xmlTest.xcdatamodeld */,
				FCA38BF91AB0459000D751C2 /* Supporting Files */,
			);
			path = xmlTest;
			sourceTree = "<group>";
		};
		FCA38BF91AB0459000D751C2 /* Supporting Files */ = {
			isa = PBXGroup;
			children = (
				FCA38BFA1AB0459000D751C2 /* Info.plist */,
				FCA38BFB1AB0459000D751C2 /* main.m */,
			);
			name = "Supporting Files";
			sourceTree = "<group>";
		};
		FCA38C151AB0459000D751C2 /* xmlTestTests */ = {
			isa = PBXGroup;
			children = (
				FCA38C181AB0459000D751C2 /* xmlTestTests.m */,
				FCA38C161AB0459000D751C2 /* Supporting Files */,
			);
			path = xmlTestTests;
			sourceTree = "<group>";
		};
		FCA38C161AB0459000D751C2 /* Supporting Files */ = {
			isa = PBXGroup;
			children = (
				FCA38C171AB0459000D751C2 /* Info.plist */,
			);
			name = "Supporting Files";
			sourceTree = "<group>";
		};
/* End PBXGroup section */

/* Begin PBXNativeTarget section */
		FCA38BF51AB0458F00D751C2 /* xmlTest */ = {
			isa = PBXNativeTarget;
			buildConfigurationList = FCA38C1C1AB0459000D751C2 /* Build configuration list for PBXNativeTarget "xmlTest" */;
			buildPhases = (
				FCA38BF21AB0458F00D751C2 /* Sources */,
				FCA38BF31AB0458F00D751C2 /* Frameworks */,
				FCA38BF41AB0458F00D751C2 /* Resources */,
			);
			buildRules = (
			);
			dependencies = (
			);
			name = xmlTest;
			productName = xmlTest;
			productReference = FCA38BF61AB0458F00D751C2 /* xmlTest.app */;
			productType = "com.apple.product-type.application";
		};
		FCA38C111AB0459000D751C2 /* xmlTestTests */ = {
			isa = PBXNativeTarget;
			buildConfigurationList = FCA38C1F1AB0459000D751C2 /* Build configuration list for PBXNativeTarget "xmlTestTests" */;
			buildPhases = (
				FCA38C0E1AB0459000D751C2 /* Sources */,
				FCA38C0F1AB0459000D751C2 /* Frameworks */,
				FCA38C101AB0459000D751C2 /* Resources */,
			);
			buildRules = (
			);
			dependencies = (
				FCA38C141AB0459000D751C2 /* PBXTargetDependency */,
			);
			name = xmlTestTests;
			productName = xmlTestTests;
			productReference = FCA38C121AB0459000D751C2 /* xmlTestTests.xctest */;
			productType = "com.apple.product-type.bundle.unit-test";
		};
/* End PBXNativeTarget section */

/* Begin PBXProject section */
		FCA38BEE1AB0458F00D751C2 /* Project object */ = {
			isa = PBXProject;
			attributes = {
				LastUpgradeCheck = 0610;
				ORGANIZATIONNAME = "chengtz-iMac";
				TargetAttributes = {
					FCA38BF51AB0458F00D751C2 = {
						CreatedOnToolsVersion = 6.1;
					};
					FCA38C111AB0459000D751C2 = {
						CreatedOnToolsVersion = 6.1;
						TestTargetID = FCA38BF51AB0458F00D751C2;
					};
				};
			};
			buildConfigurationList = FCA38BF11AB0458F00D751C2 /* Build configuration list for PBXProject "xmlTest" */;
			compatibilityVersion = "Xcode 3.2";
			developmentRegion = English;
			hasScannedForEncodings = 0;
			knownRegions = (
				en,
				Base,
			);
			mainGroup = FCA38BED1AB0458F00D751C2;
			productRefGroup = FCA38BF71AB0458F00D751C2 /* Products */;
			projectDirPath = "";
			projectRoot = "";
			targets = (
				FCA38BF51AB0458F00D751C2 /* xmlTest */,
				FCA38C111AB0459000D751C2 /* xmlTestTests */,
			);
		};
/* End PBXProject section */

/* Begin PBXResourcesBuildPhase section */
		FCA38BF41AB0458F00D751C2 /* Resources */ = {
			isa = PBXResourcesBuildPhase;
			buildActionMask = 2147483647;
			files = (
				FCA38C081AB0459000D751C2 /* Main.storyboard in Resources */,
				FCA38C0D1AB0459000D751C2 /* LaunchScreen.xib in Resources */,
				FCA38C0A1AB0459000D751C2 /* Images.xcassets in Resources */,
			);
			runOnlyForDeploymentPostprocessing = 0;
		};
		FCA38C101AB0459000D751C2 /* Resources */ = {
			isa = PBXResourcesBuildPhase;
			buildActionMask = 2147483647;
			files = (
			);
			runOnlyForDeploymentPostprocessing = 0;
		};
/* End PBXResourcesBuildPhase section */

/* Begin PBXSourcesBuildPhase section */
		FCA38BF21AB0458F00D751C2 /* Sources */ = {
			isa = PBXSourcesBuildPhase;
			buildActionMask = 2147483647;
			files = (
				FCA38C021AB0459000D751C2 /* xmlTest.xcdatamodeld in Sources */,
				FCA38BFF1AB0459000D751C2 /* AppDelegate.m in Sources */,
				FCA38C241AB045FE00D751C2 /* GDataXMLNode.m in Sources */,
				FCA38C051AB0459000D751C2 /* ViewController.m in Sources */,
				FCA38BFC1AB0459000D751C2 /* main.m in Sources */,
			);
			runOnlyForDeploymentPostprocessing = 0;
		};
		FCA38C0E1AB0459000D751C2 /* Sources */ = {
			isa = PBXSourcesBuildPhase;
			buildActionMask = 2147483647;
			files = (
				FCA38C191AB0459000D751C2 /* xmlTestTests.m in Sources */,
			);
			runOnlyForDeploymentPostprocessing = 0;
		};
/* End PBXSourcesBuildPhase section */

/* Begin PBXTargetDependency section */
		FCA38C141AB0459000D751C2 /* PBXTargetDependency */ = {
			isa = PBXTargetDependency;
			target = FCA38BF51AB0458F00D751C2 /* xmlTest */;
			targetProxy = FCA38C131AB0459000D751C2 /* PBXContainerItemProxy */;
		};
/* End PBXTargetDependency section */

/* Begin PBXVariantGroup section */
		FCA38C061AB0459000D751C2 /* Main.storyboard */ = {
			isa = PBXVariantGroup;
			children = (
				FCA38C071AB0459000D751C2 /* Base */,
			);
			name = Main.storyboard;
			sourceTree = "<group>";
		};
		FCA38C0B1AB0459000D751C2 /* LaunchScreen.xib */ = {
			isa = PBXVariantGroup;
			children = (
				FCA38C0C1AB0459000D751C2 /* Base */,
			);
			name = LaunchScreen.xib;
			sourceTree = "<group>";
		};
/* End PBXVariantGroup section */

/* Begin XCBuildConfiguration section */
		FCA38C1A1AB0459000D751C2 /* Debug */ = {
			isa = XCBuildConfiguration;
			buildSettings = {
				ALWAYS_SEARCH_USER_PATHS = NO;
				CLANG_CXX_LANGUAGE_STANDARD = "gnu++0x";
				CLANG_CXX_LIBRARY = "libc++";
				CLANG_ENABLE_MODULES = YES;
				CLANG_ENABLE_OBJC_ARC = YES;
				CLANG_WARN_BOOL_CONVERSION = YES;
				CLANG_WARN_CONSTANT_CONVERSION = YES;
				CLANG_WARN_DIRECT_OBJC_ISA_USAGE = YES_ERROR;
				CLANG_WARN_EMPTY_BODY = YES;
				CLANG_WARN_ENUM_CONVERSION = YES;
				CLANG_WARN_INT_CONVERSION = YES;
				CLANG_WARN_OBJC_ROOT_CLASS = YES_ERROR;
				CLANG_WARN_UNREACHABLE_CODE = YES;
				CLANG_WARN__DUPLICATE_METHOD_MATCH = YES;
				"CODE_SIGN_IDENTITY[sdk=iphoneos*]" = "iPhone Developer";
				COPY_PHASE_STRIP = NO;
				ENABLE_STRICT_OBJC_MSGSEND = YES;
				GCC_C_LANGUAGE_STANDARD = gnu99;
				GCC_DYNAMIC_NO_PIC = NO;
				GCC_OPTIMIZATION_LEVEL = 0;
				GCC_PREPROCESSOR_DEFINITIONS = (
					"DEBUG=1",
					"$(inherited)",
				);
				GCC_SYMBOLS_PRIVATE_EXTERN = NO;
				GCC_WARN_64_TO_32_BIT_CONVERSION = YES;
				GCC_WARN_ABOUT_RETURN_TYPE = YES_ERROR;
				GCC_WARN_UNDECLARED_SELECTOR = YES;
				GCC_WARN_UNINITIALIZED_AUTOS = YES_AGGRESSIVE;
				GCC_WARN_UNUSED_FUNCTION = YES;
				GCC_WARN_UNUSED_VARIABLE = YES;
				HEADER_SEARCH_PATHS = (
					"$(inherited)",
					/Applications/Xcode.app/Contents/Developer/Toolchains/XcodeDefault.xctoolchain/usr/include,
					/usr/include/libxml2,
				);
				IPHONEOS_DEPLOYMENT_TARGET = 8.1;
				MTL_ENABLE_DEBUG_INFO = YES;
				ONLY_ACTIVE_ARCH = YES;
				SDKROOT = iphoneos;
				TARGETED_DEVICE_FAMILY = "1,2";
			};
			name = Debug;
		};
		FCA38C1B1AB0459000D751C2 /* Release */ = {
			isa = XCBuildConfiguration;
			buildSettings = {
				ALWAYS_SEARCH_USER_PATHS = NO;
				CLANG_CXX_LANGUAGE_STANDARD = "gnu++0x";
				CLANG_CXX_LIBRARY = "libc++";
				CLANG_ENABLE_MODULES = YES;
				CLANG_ENABLE_OBJC_ARC = YES;
				CLANG_WARN_BOOL_CONVERSION = YES;
				CLANG_WARN_CONSTANT_CONVERSION = YES;
				CLANG_WARN_DIRECT_OBJC_ISA_USAGE = YES_ERROR;
				CLANG_WARN_EMPTY_BODY = YES;
				CLANG_WARN_ENUM_CONVERSION = YES;
				CLANG_WARN_INT_CONVERSION = YES;
				CLANG_WARN_OBJC_ROOT_CLASS = YES_ERROR;
				CLANG_WARN_UNREACHABLE_CODE = YES;
				CLANG_WARN__DUPLICATE_METHOD_MATCH = YES;
				"CODE_SIGN_IDENTITY[sdk=iphoneos*]" = "iPhone Developer";
				COPY_PHASE_STRIP = YES;
				ENABLE_NS_ASSERTIONS = NO;
				ENABLE_STRICT_OBJC_MSGSEND = YES;
				GCC_C_LANGUAGE_STANDARD = gnu99;
				GCC_WARN_64_TO_32_BIT_CONVERSION = YES;
				GCC_WARN_ABOUT_RETURN_TYPE = YES_ERROR;
				GCC_WARN_UNDECLARED_SELECTOR = YES;
				GCC_WARN_UNINITIALIZED_AUTOS = YES_AGGRESSIVE;
				GCC_WARN_UNUSED_FUNCTION = YES;
				GCC_WARN_UNUSED_VARIABLE = YES;
				HEADER_SEARCH_PATHS = (
					"$(inherited)",
					/Applications/Xcode.app/Contents/Developer/Toolchains/XcodeDefault.xctoolchain/usr/include,
					/usr/include/libxml2,
				);
				IPHONEOS_DEPLOYMENT_TARGET = 8.1;
				MTL_ENABLE_DEBUG_INFO = NO;
				SDKROOT = iphoneos;
				TARGETED_DEVICE_FAMILY = "1,2";
				VALIDATE_PRODUCT = YES;
			};
			name = Release;
		};
		FCA38C1D1AB0459000D751C2 /* Debug */ = {
			isa = XCBuildConfiguration;
			buildSettings = {
				ASSETCATALOG_COMPILER_APPICON_NAME = AppIcon;
				INFOPLIST_FILE = xmlTest/Info.plist;
				LD_RUNPATH_SEARCH_PATHS = "$(inherited) @executable_path/Frameworks";
				PRODUCT_NAME = "$(TARGET_NAME)";
			};
			name = Debug;
		};
		FCA38C1E1AB0459000D751C2 /* Release */ = {
			isa = XCBuildConfiguration;
			buildSettings = {
				ASSETCATALOG_COMPILER_APPICON_NAME = AppIcon;
				INFOPLIST_FILE = xmlTest/Info.plist;
				LD_RUNPATH_SEARCH_PATHS = "$(inherited) @executable_path/Frameworks";
				PRODUCT_NAME = "$(TARGET_NAME)";
			};
			name = Release;
		};
		FCA38C201AB0459000D751C2 /* Debug */ = {
			isa = XCBuildConfiguration;
			buildSettings = {
				BUNDLE_LOADER = "$(TEST_HOST)";
				FRAMEWORK_SEARCH_PATHS = (
					"$(SDKROOT)/Developer/Library/Frameworks",
					"$(inherited)",
				);
				GCC_PREPROCESSOR_DEFINITIONS = (
					"DEBUG=1",
					"$(inherited)",
				);
				INFOPLIST_FILE = xmlTestTests/Info.plist;
				LD_RUNPATH_SEARCH_PATHS = "$(inherited) @executable_path/Frameworks @loader_path/Frameworks";
				PRODUCT_NAME = "$(TARGET_NAME)";
				TEST_HOST = "$(BUILT_PRODUCTS_DIR)/xmlTest.app/xmlTest";
			};
			name = Debug;
		};
		FCA38C211AB0459000D751C2 /* Release */ = {
			isa = XCBuildConfiguration;
			buildSettings = {
				BUNDLE_LOADER = "$(TEST_HOST)";
				FRAMEWORK_SEARCH_PATHS = (
					"$(SDKROOT)/Developer/Library/Frameworks",
					"$(inherited)",
				);
				INFOPLIST_FILE = xmlTestTests/Info.plist;
				LD_RUNPATH_SEARCH_PATHS = "$(inherited) @executable_path/Frameworks @loader_path/Frameworks";
				PRODUCT_NAME = "$(TARGET_NAME)";
				TEST_HOST = "$(BUILT_PRODUCTS_DIR)/xmlTest.app/xmlTest";
			};
			name = Release;
		};
/* End XCBuildConfiguration section */

/* Begin XCConfigurationList section */
		FCA38BF11AB0458F00D751C2 /* Build configuration list for PBXProject "xmlTest" */ = {
			isa = XCConfigurationList;
			buildConfigurations = (
				FCA38C1A1AB0459000D751C2 /* Debug */,
				FCA38C1B1AB0459000D751C2 /* Release */,
			);
			defaultConfigurationIsVisible = 0;
			defaultConfigurationName = Release;
		};
		FCA38C1C1AB0459000D751C2 /* Build configuration list for PBXNativeTarget "xmlTest" */ = {
			isa = XCConfigurationList;
			buildConfigurations = (
				FCA38C1D1AB0459000D751C2 /* Debug */,
				FCA38C1E1AB0459000D751C2 /* Release */,
			);
			defaultConfigurationIsVisible = 0;
		};
		FCA38C1F1AB0459000D751C2 /* Build configuration list for PBXNativeTarget "xmlTestTests" */ = {
			isa = XCConfigurationList;
			buildConfigurations = (
				FCA38C201AB0459000D751C2 /* Debug */,
				FCA38C211AB0459000D751C2 /* Release */,
			);
			defaultConfigurationIsVisible = 0;
		};
/* End XCConfigurationList section */

/* Begin XCVersionGroup section */
		FCA38C001AB0459000D751C2 /* xmlTest.xcdatamodeld */ = {
			isa = XCVersionGroup;
			children = (
				FCA38C011AB0459000D751C2 /* xmlTest.xcdatamodel */,
			);
			currentVersion = FCA38C011AB0459000D751C2 /* xmlTest.xcdatamodel */;
			path = xmlTest.xcdatamodeld;
			sourceTree = "<group>";
			versionGroupType = wrapper.xcdatamodel;
		};
/* End XCVersionGroup section */
	};
	rootObject = FCA38BEE1AB0458F00D751C2 /* Project object */;
}
